
Microsoft Visual Studio Solution File, Format Version 12.00
# Visual Studio Version 17
VisualStudioVersion = 17.4.33110.190
MinimumVisualStudioVersion = 10.0.40219.1
Project("{FAE04EC0-301F-11D3-BF4B-00C04F79EFBC}") = "TestDotNet.Tests", "TestDotNet.Tests\TestDotNet.Tests.csproj", "{F35A0136-DA7C-40F0-B054-8256E268EE55}"
EndProject
Global
	GlobalSection(SolutionConfigurationPlatforms) = preSolution
		Debug|Any CPU = Debug|Any CPU
		Release|Any CPU = Release|Any CPU
	EndGlobalSection
	GlobalSection(ProjectConfigurationPlatforms) = postSolution
		{F35A0136-DA7C-40F0-B054-8256E268EE55}.Debug|Any CPU.ActiveCfg = Debug|Any CPU
		{F35A0136-DA7C-40F0-B054-8256E268EE55}.Debug|Any CPU.Build.0 = Debug|Any CPU
		{F35A0136-DA7C-40F0-B054-8256E268EE55}.Release|Any CPU.ActiveCfg = Release|Any CPU
		{F35A0136-DA7C-40F0-B054-8256E268EE55}.Release|Any CPU.Build.0 = Release|Any CPU
	EndGlobalSection
	GlobalSection(SolutionProperties) = preSolution
		HideSolutionNode = FALSE
	EndGlobalSection
	GlobalSection(ExtensibilityGlobals) = postSolution
		SolutionGuid = {FA052F80-E0E3-4732-83DF-C6ABCEAD5351}
	EndGlobalSection
EndGlobal
